
Microsoft Visual Studio Solution File, Format Version 12.00
# Visual Studio Version 16
VisualStudioVersion = 16.0.30523.141
MinimumVisualStudioVersion = 10.0.40219.1
Project("{FAE04EC0-301F-11D3-BF4B-00C04F79EFBC}") = "WF_Kurs", "WF_Kurs.csproj", "{D31C7991-77D9-42E9-9292-97F2D8EF731F}"
EndProject
Global
	GlobalSection(SolutionConfigurationPlatforms) = preSolution
		Debug|Any CPU = Debug|Any CPU
		Release|Any CPU = Release|Any CPU
	EndGlobalSection
	GlobalSection(ProjectConfigurationPlatforms) = postSolution
		{D31C7991-77D9-42E9-9292-97F2D8EF731F}.Debug|Any CPU.ActiveCfg = Debug|Any CPU
		{D31C7991-77D9-42E9-9292-97F2D8EF731F}.Debug|Any CPU.Build.0 = Debug|Any CPU
		{D31C7991-77D9-42E9-9292-97F2D8EF731F}.Release|Any CPU.ActiveCfg = Release|Any CPU
		{D31C7991-77D9-42E9-9292-97F2D8EF731F}.Release|Any CPU.Build.0 = Release|Any CPU
	EndGlobalSection
	GlobalSection(SolutionProperties) = preSolution
		HideSolutionNode = FALSE
	EndGlobalSection
	GlobalSection(ExtensibilityGlobals) = postSolution
		SolutionGuid = {6E2FB061-B3AC-4C2B-A25D-79F241DF4D03}
	EndGlobalSection
EndGlobal
